
Microsoft Visual Studio Solution File, Format Version 12.00
# Visual Studio Version 16
VisualStudioVersion = 16.0.30711.63
MinimumVisualStudioVersion = 10.0.40219.1
Project("{FAE04EC0-301F-11D3-BF4B-00C04F79EFBC}") = "Lab1", "Lab1\Lab1.csproj", "{C0700603-0C87-4984-BA24-1C9D0E969271}"
EndProject
Global
	GlobalSection(SolutionConfigurationPlatforms) = preSolution
		Debug|Any CPU = Debug|Any CPU
		Release|Any CPU = Release|Any CPU
	EndGlobalSection
	GlobalSection(ProjectConfigurationPlatforms) = postSolution
		{C0700603-0C87-4984-BA24-1C9D0E969271}.Debug|Any CPU.ActiveCfg = Debug|Any CPU
		{C0700603-0C87-4984-BA24-1C9D0E969271}.Debug|Any CPU.Build.0 = Debug|Any CPU
		{C0700603-0C87-4984-BA24-1C9D0E969271}.Release|Any CPU.ActiveCfg = Release|Any CPU
		{C0700603-0C87-4984-BA24-1C9D0E969271}.Release|Any CPU.Build.0 = Release|Any CPU
	EndGlobalSection
	GlobalSection(SolutionProperties) = preSolution
		HideSolutionNode = FALSE
	EndGlobalSection
	GlobalSection(ExtensibilityGlobals) = postSolution
		SolutionGuid = {444EB427-A6FD-4A69-AFC8-BCDEA115199A}
	EndGlobalSection
EndGlobal
